
Microsoft Visual Studio Solution File, Format Version 12.00
# Visual Studio 15
VisualStudioVersion = 15.0.28307.1209
MinimumVisualStudioVersion = 10.0.40219.1
Project("{FAE04EC0-301F-11D3-BF4B-00C04F79EFBC}") = "ASD-GreedyAlgorithms", "ASD-GreedyAlgorithms\ASD-GreedyAlgorithms.csproj", "{D31721E3-8F6E-41FD-B5B8-58830E5AACFA}"
EndProject
Global
	GlobalSection(SolutionConfigurationPlatforms) = preSolution
		Debug|Any CPU = Debug|Any CPU
		Release|Any CPU = Release|Any CPU
	EndGlobalSection
	GlobalSection(ProjectConfigurationPlatforms) = postSolution
		{D31721E3-8F6E-41FD-B5B8-58830E5AACFA}.Debug|Any CPU.ActiveCfg = Debug|Any CPU
		{D31721E3-8F6E-41FD-B5B8-58830E5AACFA}.Debug|Any CPU.Build.0 = Debug|Any CPU
		{D31721E3-8F6E-41FD-B5B8-58830E5AACFA}.Release|Any CPU.ActiveCfg = Release|Any CPU
		{D31721E3-8F6E-41FD-B5B8-58830E5AACFA}.Release|Any CPU.Build.0 = Release|Any CPU
	EndGlobalSection
	GlobalSection(SolutionProperties) = preSolution
		HideSolutionNode = FALSE
	EndGlobalSection
	GlobalSection(ExtensibilityGlobals) = postSolution
		SolutionGuid = {DD6742B8-2122-45B8-9012-BE166092A052}
	EndGlobalSection
EndGlobal
